
Microsoft Visual Studio Solution File, Format Version 12.00
# Visual Studio 15
VisualStudioVersion = 15.0.27428.2037
MinimumVisualStudioVersion = 10.0.40219.1
Project("{8BC9CEB8-8B4A-11D0-8D11-00A0C91BC942}") = "esercizio 3 esame 28", "esercizio 3 esame 28.vcxproj", "{F65D3A5D-C719-45DB-8651-E62246094BDD}"
EndProject
Global
	GlobalSection(SolutionConfigurationPlatforms) = preSolution
		Debug|x64 = Debug|x64
		Debug|x86 = Debug|x86
		Release|x64 = Release|x64
		Release|x86 = Release|x86
	EndGlobalSection
	GlobalSection(ProjectConfigurationPlatforms) = postSolution
		{F65D3A5D-C719-45DB-8651-E62246094BDD}.Debug|x64.ActiveCfg = Debug|x64
		{F65D3A5D-C719-45DB-8651-E62246094BDD}.Debug|x64.Build.0 = Debug|x64
		{F65D3A5D-C719-45DB-8651-E62246094BDD}.Debug|x86.ActiveCfg = Debug|Win32
		{F65D3A5D-C719-45DB-8651-E62246094BDD}.Debug|x86.Build.0 = Debug|Win32
		{F65D3A5D-C719-45DB-8651-E62246094BDD}.Release|x64.ActiveCfg = Release|x64
		{F65D3A5D-C719-45DB-8651-E62246094BDD}.Release|x64.Build.0 = Release|x64
		{F65D3A5D-C719-45DB-8651-E62246094BDD}.Release|x86.ActiveCfg = Release|Win32
		{F65D3A5D-C719-45DB-8651-E62246094BDD}.Release|x86.Build.0 = Release|Win32
	EndGlobalSection
	GlobalSection(SolutionProperties) = preSolution
		HideSolutionNode = FALSE
	EndGlobalSection
	GlobalSection(ExtensibilityGlobals) = postSolution
		SolutionGuid = {DB505931-BBF8-4275-9D7A-193A4D5EB641}
	EndGlobalSection
EndGlobal
